
Microsoft Visual Studio Solution File, Format Version 12.00
# Visual Studio 15
VisualStudioVersion = 15.0.27428.2002
MinimumVisualStudioVersion = 10.0.40219.1
Project("{FAE04EC0-301F-11D3-BF4B-00C04F79EFBC}") = "Designpatterns", "Designpatterns\Designpatterns.csproj", "{3A6AA754-8181-4DC9-831F-C0CC4D366415}"
EndProject
Global
	GlobalSection(SolutionConfigurationPlatforms) = preSolution
		Debug|Any CPU = Debug|Any CPU
		Release|Any CPU = Release|Any CPU
	EndGlobalSection
	GlobalSection(ProjectConfigurationPlatforms) = postSolution
		{3A6AA754-8181-4DC9-831F-C0CC4D366415}.Debug|Any CPU.ActiveCfg = Debug|Any CPU
		{3A6AA754-8181-4DC9-831F-C0CC4D366415}.Debug|Any CPU.Build.0 = Debug|Any CPU
		{3A6AA754-8181-4DC9-831F-C0CC4D366415}.Release|Any CPU.ActiveCfg = Release|Any CPU
		{3A6AA754-8181-4DC9-831F-C0CC4D366415}.Release|Any CPU.Build.0 = Release|Any CPU
	EndGlobalSection
	GlobalSection(SolutionProperties) = preSolution
		HideSolutionNode = FALSE
	EndGlobalSection
	GlobalSection(ExtensibilityGlobals) = postSolution
		SolutionGuid = {DD3755C7-4981-421C-BA79-E43F1DEEEAEC}
	EndGlobalSection
EndGlobal
